
Microsoft Visual Studio Solution File, Format Version 12.00
# Visual Studio 15
VisualStudioVersion = 15.0.28307.168
MinimumVisualStudioVersion = 10.0.40219.1
Project("{FAE04EC0-301F-11D3-BF4B-00C04F79EFBC}") = "WorkingDemo.Android", "WorkingDemo\WorkingDemo.Android\WorkingDemo.Android.csproj", "{BD33543E-47BE-4E87-B577-EB7FBCE474B1}"
EndProject
Project("{FAE04EC0-301F-11D3-BF4B-00C04F79EFBC}") = "WorkingDemo.iOS", "WorkingDemo\WorkingDemo.iOS\WorkingDemo.iOS.csproj", "{EF144F90-D71D-4AE5-9C9D-C5ABCAC9A49F}"
EndProject
Project("{FAE04EC0-301F-11D3-BF4B-00C04F79EFBC}") = "WorkingDemo", "WorkingDemo\WorkingDemo\WorkingDemo.csproj", "{7B2D98AA-6CD6-4578-BBC6-ADA1DDC71B08}"
EndProject
Global
	GlobalSection(SolutionConfigurationPlatforms) = preSolution
		Ad-Hoc|Any CPU = Ad-Hoc|Any CPU
		Ad-Hoc|iPhone = Ad-Hoc|iPhone
		Ad-Hoc|iPhoneSimulator = Ad-Hoc|iPhoneSimulator
		AppStore|Any CPU = AppStore|Any CPU
		AppStore|iPhone = AppStore|iPhone
		AppStore|iPhoneSimulator = AppStore|iPhoneSimulator
		Debug|Any CPU = Debug|Any CPU
		Debug|iPhone = Debug|iPhone
		Debug|iPhoneSimulator = Debug|iPhoneSimulator
		Release|Any CPU = Release|Any CPU
		Release|iPhone = Release|iPhone
		Release|iPhoneSimulator = Release|iPhoneSimulator
	EndGlobalSection
	GlobalSection(ProjectConfigurationPlatforms) = postSolution
		{BD33543E-47BE-4E87-B577-EB7FBCE474B1}.Ad-Hoc|Any CPU.ActiveCfg = Release|Any CPU
		{BD33543E-47BE-4E87-B577-EB7FBCE474B1}.Ad-Hoc|Any CPU.Build.0 = Release|Any CPU
		{BD33543E-47BE-4E87-B577-EB7FBCE474B1}.Ad-Hoc|Any CPU.Deploy.0 = Release|Any CPU
		{BD33543E-47BE-4E87-B577-EB7FBCE474B1}.Ad-Hoc|iPhone.ActiveCfg = Release|Any CPU
		{BD33543E-47BE-4E87-B577-EB7FBCE474B1}.Ad-Hoc|iPhone.Build.0 = Release|Any CPU
		{BD33543E-47BE-4E87-B577-EB7FBCE474B1}.Ad-Hoc|iPhone.Deploy.0 = Release|Any CPU
		{BD33543E-47BE-4E87-B577-EB7FBCE474B1}.Ad-Hoc|iPhoneSimulator.ActiveCfg = Release|Any CPU
		{BD33543E-47BE-4E87-B577-EB7FBCE474B1}.Ad-Hoc|iPhoneSimulator.Build.0 = Release|Any CPU
		{BD33543E-47BE-4E87-B577-EB7FBCE474B1}.Ad-Hoc|iPhoneSimulator.Deploy.0 = Release|Any CPU
		{BD33543E-47BE-4E87-B577-EB7FBCE474B1}.AppStore|Any CPU.ActiveCfg = Release|Any CPU
		{BD33543E-47BE-4E87-B577-EB7FBCE474B1}.AppStore|Any CPU.Build.0 = Release|Any CPU
		{BD33543E-47BE-4E87-B577-EB7FBCE474B1}.AppStore|Any CPU.Deploy.0 = Release|Any CPU
		{BD33543E-47BE-4E87-B577-EB7FBCE474B1}.AppStore|iPhone.ActiveCfg = Release|Any CPU
		{BD33543E-47BE-4E87-B577-EB7FBCE474B1}.AppStore|iPhone.Build.0 = Release|Any CPU
		{BD33543E-47BE-4E87-B577-EB7FBCE474B1}.AppStore|iPhone.Deploy.0 = Release|Any CPU
		{BD33543E-47BE-4E87-B577-EB7FBCE474B1}.AppStore|iPhoneSimulator.ActiveCfg = Release|Any CPU
		{BD33543E-47BE-4E87-B577-EB7FBCE474B1}.AppStore|iPhoneSimulator.Build.0 = Release|Any CPU
		{BD33543E-47BE-4E87-B577-EB7FBCE474B1}.AppStore|iPhoneSimulator.Deploy.0 = Release|Any CPU
		{BD33543E-47BE-4E87-B577-EB7FBCE474B1}.Debug|Any CPU.ActiveCfg = Debug|Any CPU
		{BD33543E-47BE-4E87-B577-EB7FBCE474B1}.Debug|Any CPU.Build.0 = Debug|Any CPU
		{BD33543E-47BE-4E87-B577-EB7FBCE474B1}.Debug|Any CPU.Deploy.0 = Debug|Any CPU
		{BD33543E-47BE-4E87-B577-EB7FBCE474B1}.Debug|iPhone.ActiveCfg = Debug|Any CPU
		{BD33543E-47BE-4E87-B577-EB7FBCE474B1}.Debug|iPhone.Build.0 = Debug|Any CPU
		{BD33543E-47BE-4E87-B577-EB7FBCE474B1}.Debug|iPhone.Deploy.0 = Debug|Any CPU
		{BD33543E-47BE-4E87-B577-EB7FBCE474B1}.Debug|iPhoneSimulator.ActiveCfg = Debug|Any CPU
		{BD33543E-47BE-4E87-B577-EB7FBCE474B1}.Debug|iPhoneSimulator.Build.0 = Debug|Any CPU
		{BD33543E-47BE-4E87-B577-EB7FBCE474B1}.Debug|iPhoneSimulator.Deploy.0 = Debug|Any CPU
		{BD33543E-47BE-4E87-B577-EB7FBCE474B1}.Release|Any CPU.ActiveCfg = Release|Any CPU
		{BD33543E-47BE-4E87-B577-EB7FBCE474B1}.Release|Any CPU.Build.0 = Release|Any CPU
		{BD33543E-47BE-4E87-B577-EB7FBCE474B1}.Release|Any CPU.Deploy.0 = Release|Any CPU
		{BD33543E-47BE-4E87-B577-EB7FBCE474B1}.Release|iPhone.ActiveCfg = Release|Any CPU
		{BD33543E-47BE-4E87-B577-EB7FBCE474B1}.Release|iPhone.Build.0 = Release|Any CPU
		{BD33543E-47BE-4E87-B577-EB7FBCE474B1}.Release|iPhone.Deploy.0 = Release|Any CPU
		{BD33543E-47BE-4E87-B577-EB7FBCE474B1}.Release|iPhoneSimulator.ActiveCfg = Release|Any CPU
		{BD33543E-47BE-4E87-B577-EB7FBCE474B1}.Release|iPhoneSimulator.Build.0 = Release|Any CPU
		{BD33543E-47BE-4E87-B577-EB7FBCE474B1}.Release|iPhoneSimulator.Deploy.0 = Release|Any CPU
		{EF144F90-D71D-4AE5-9C9D-C5ABCAC9A49F}.Ad-Hoc|Any CPU.ActiveCfg = Ad-Hoc|iPhone
		{EF144F90-D71D-4AE5-9C9D-C5ABCAC9A49F}.Ad-Hoc|Any CPU.Build.0 = Ad-Hoc|iPhone
		{EF144F90-D71D-4AE5-9C9D-C5ABCAC9A49F}.Ad-Hoc|Any CPU.Deploy.0 = Ad-Hoc|iPhone
		{EF144F90-D71D-4AE5-9C9D-C5ABCAC9A49F}.Ad-Hoc|iPhone.ActiveCfg = Ad-Hoc|iPhone
		{EF144F90-D71D-4AE5-9C9D-C5ABCAC9A49F}.Ad-Hoc|iPhone.Build.0 = Ad-Hoc|iPhone
		{EF144F90-D71D-4AE5-9C9D-C5ABCAC9A49F}.Ad-Hoc|iPhone.Deploy.0 = Ad-Hoc|iPhone
		{EF144F90-D71D-4AE5-9C9D-C5ABCAC9A49F}.Ad-Hoc|iPhoneSimulator.ActiveCfg = Ad-Hoc|iPhoneSimulator
		{EF144F90-D71D-4AE5-9C9D-C5ABCAC9A49F}.Ad-Hoc|iPhoneSimulator.Build.0 = Ad-Hoc|iPhoneSimulator
		{EF144F90-D71D-4AE5-9C9D-C5ABCAC9A49F}.Ad-Hoc|iPhoneSimulator.Deploy.0 = Ad-Hoc|iPhoneSimulator
		{EF144F90-D71D-4AE5-9C9D-C5ABCAC9A49F}.AppStore|Any CPU.ActiveCfg = AppStore|iPhone
		{EF144F90-D71D-4AE5-9C9D-C5ABCAC9A49F}.AppStore|Any CPU.Build.0 = AppStore|iPhone
		{EF144F90-D71D-4AE5-9C9D-C5ABCAC9A49F}.AppStore|Any CPU.Deploy.0 = AppStore|iPhone
		{EF144F90-D71D-4AE5-9C9D-C5ABCAC9A49F}.AppStore|iPhone.ActiveCfg = AppStore|iPhone
		{EF144F90-D71D-4AE5-9C9D-C5ABCAC9A49F}.AppStore|iPhone.Build.0 = AppStore|iPhone
		{EF144F90-D71D-4AE5-9C9D-C5ABCAC9A49F}.AppStore|iPhone.Deploy.0 = AppStore|iPhone
		{EF144F90-D71D-4AE5-9C9D-C5ABCAC9A49F}.AppStore|iPhoneSimulator.ActiveCfg = AppStore|iPhoneSimulator
		{EF144F90-D71D-4AE5-9C9D-C5ABCAC9A49F}.AppStore|iPhoneSimulator.Build.0 = AppStore|iPhoneSimulator
		{EF144F90-D71D-4AE5-9C9D-C5ABCAC9A49F}.AppStore|iPhoneSimulator.Deploy.0 = AppStore|iPhoneSimulator
		{EF144F90-D71D-4AE5-9C9D-C5ABCAC9A49F}.Debug|Any CPU.ActiveCfg = Debug|iPhoneSimulator
		{EF144F90-D71D-4AE5-9C9D-C5ABCAC9A49F}.Debug|Any CPU.Build.0 = Debug|iPhoneSimulator
		{EF144F90-D71D-4AE5-9C9D-C5ABCAC9A49F}.Debug|Any CPU.Deploy.0 = Debug|iPhoneSimulator
		{EF144F90-D71D-4AE5-9C9D-C5ABCAC9A49F}.Debug|iPhone.ActiveCfg = Debug|iPhone
		{EF144F90-D71D-4AE5-9C9D-C5ABCAC9A49F}.Debug|iPhone.Build.0 = Debug|iPhone
		{EF144F90-D71D-4AE5-9C9D-C5ABCAC9A49F}.Debug|iPhone.Deploy.0 = Debug|iPhone
		{EF144F90-D71D-4AE5-9C9D-C5ABCAC9A49F}.Debug|iPhoneSimulator.ActiveCfg = Debug|iPhoneSimulator
		{EF144F90-D71D-4AE5-9C9D-C5ABCAC9A49F}.Debug|iPhoneSimulator.Build.0 = Debug|iPhoneSimulator
		{EF144F90-D71D-4AE5-9C9D-C5ABCAC9A49F}.Debug|iPhoneSimulator.Deploy.0 = Debug|iPhoneSimulator
		{EF144F90-D71D-4AE5-9C9D-C5ABCAC9A49F}.Release|Any CPU.ActiveCfg = Release|iPhone
		{EF144F90-D71D-4AE5-9C9D-C5ABCAC9A49F}.Release|Any CPU.Build.0 = Release|iPhone
		{EF144F90-D71D-4AE5-9C9D-C5ABCAC9A49F}.Release|Any CPU.Deploy.0 = Release|iPhone
		{EF144F90-D71D-4AE5-9C9D-C5ABCAC9A49F}.Release|iPhone.ActiveCfg = Release|iPhone
		{EF144F90-D71D-4AE5-9C9D-C5ABCAC9A49F}.Release|iPhone.Build.0 = Release|iPhone
		{EF144F90-D71D-4AE5-9C9D-C5ABCAC9A49F}.Release|iPhone.Deploy.0 = Release|iPhone
		{EF144F90-D71D-4AE5-9C9D-C5ABCAC9A49F}.Release|iPhoneSimulator.ActiveCfg = Release|iPhoneSimulator
		{EF144F90-D71D-4AE5-9C9D-C5ABCAC9A49F}.Release|iPhoneSimulator.Build.0 = Release|iPhoneSimulator
		{EF144F90-D71D-4AE5-9C9D-C5ABCAC9A49F}.Release|iPhoneSimulator.Deploy.0 = Release|iPhoneSimulator
		{7B2D98AA-6CD6-4578-BBC6-ADA1DDC71B08}.Ad-Hoc|Any CPU.ActiveCfg = Debug|Any CPU
		{7B2D98AA-6CD6-4578-BBC6-ADA1DDC71B08}.Ad-Hoc|Any CPU.Build.0 = Debug|Any CPU
		{7B2D98AA-6CD6-4578-BBC6-ADA1DDC71B08}.Ad-Hoc|Any CPU.Deploy.0 = Debug|Any CPU
		{7B2D98AA-6CD6-4578-BBC6-ADA1DDC71B08}.Ad-Hoc|iPhone.ActiveCfg = Debug|Any CPU
		{7B2D98AA-6CD6-4578-BBC6-ADA1DDC71B08}.Ad-Hoc|iPhone.Build.0 = Debug|Any CPU
		{7B2D98AA-6CD6-4578-BBC6-ADA1DDC71B08}.Ad-Hoc|iPhone.Deploy.0 = Debug|Any CPU
		{7B2D98AA-6CD6-4578-BBC6-ADA1DDC71B08}.Ad-Hoc|iPhoneSimulator.ActiveCfg = Debug|Any CPU
		{7B2D98AA-6CD6-4578-BBC6-ADA1DDC71B08}.Ad-Hoc|iPhoneSimulator.Build.0 = Debug|Any CPU
		{7B2D98AA-6CD6-4578-BBC6-ADA1DDC71B08}.Ad-Hoc|iPhoneSimulator.Deploy.0 = Debug|Any CPU
		{7B2D98AA-6CD6-4578-BBC6-ADA1DDC71B08}.AppStore|Any CPU.ActiveCfg = Debug|Any CPU
		{7B2D98AA-6CD6-4578-BBC6-ADA1DDC71B08}.AppStore|Any CPU.Build.0 = Debug|Any CPU
		{7B2D98AA-6CD6-4578-BBC6-ADA1DDC71B08}.AppStore|Any CPU.Deploy.0 = Debug|Any CPU
		{7B2D98AA-6CD6-4578-BBC6-ADA1DDC71B08}.AppStore|iPhone.ActiveCfg = Debug|Any CPU
		{7B2D98AA-6CD6-4578-BBC6-ADA1DDC71B08}.AppStore|iPhone.Build.0 = Debug|Any CPU
		{7B2D98AA-6CD6-4578-BBC6-ADA1DDC71B08}.AppStore|iPhone.Deploy.0 = Debug|Any CPU
		{7B2D98AA-6CD6-4578-BBC6-ADA1DDC71B08}.AppStore|iPhoneSimulator.ActiveCfg = Debug|Any CPU
		{7B2D98AA-6CD6-4578-BBC6-ADA1DDC71B08}.AppStore|iPhoneSimulator.Build.0 = Debug|Any CPU
		{7B2D98AA-6CD6-4578-BBC6-ADA1DDC71B08}.AppStore|iPhoneSimulator.Deploy.0 = Debug|Any CPU
		{7B2D98AA-6CD6-4578-BBC6-ADA1DDC71B08}.Debug|Any CPU.ActiveCfg = Debug|Any CPU
		{7B2D98AA-6CD6-4578-BBC6-ADA1DDC71B08}.Debug|Any CPU.Build.0 = Debug|Any CPU
		{7B2D98AA-6CD6-4578-BBC6-ADA1DDC71B08}.Debug|Any CPU.Deploy.0 = Debug|Any CPU
		{7B2D98AA-6CD6-4578-BBC6-ADA1DDC71B08}.Debug|iPhone.ActiveCfg = Debug|Any CPU
		{7B2D98AA-6CD6-4578-BBC6-ADA1DDC71B08}.Debug|iPhone.Build.0 = Debug|Any CPU
		{7B2D98AA-6CD6-4578-BBC6-ADA1DDC71B08}.Debug|iPhone.Deploy.0 = Debug|Any CPU
		{7B2D98AA-6CD6-4578-BBC6-ADA1DDC71B08}.Debug|iPhoneSimulator.ActiveCfg = Debug|Any CPU
		{7B2D98AA-6CD6-4578-BBC6-ADA1DDC71B08}.Debug|iPhoneSimulator.Build.0 = Debug|Any CPU
		{7B2D98AA-6CD6-4578-BBC6-ADA1DDC71B08}.Debug|iPhoneSimulator.Deploy.0 = Debug|Any CPU
		{7B2D98AA-6CD6-4578-BBC6-ADA1DDC71B08}.Release|Any CPU.ActiveCfg = Release|Any CPU
		{7B2D98AA-6CD6-4578-BBC6-ADA1DDC71B08}.Release|Any CPU.Build.0 = Release|Any CPU
		{7B2D98AA-6CD6-4578-BBC6-ADA1DDC71B08}.Release|Any CPU.Deploy.0 = Release|Any CPU
		{7B2D98AA-6CD6-4578-BBC6-ADA1DDC71B08}.Release|iPhone.ActiveCfg = Release|Any CPU
		{7B2D98AA-6CD6-4578-BBC6-ADA1DDC71B08}.Release|iPhone.Build.0 = Release|Any CPU
		{7B2D98AA-6CD6-4578-BBC6-ADA1DDC71B08}.Release|iPhone.Deploy.0 = Release|Any CPU
		{7B2D98AA-6CD6-4578-BBC6-ADA1DDC71B08}.Release|iPhoneSimulator.ActiveCfg = Release|Any CPU
		{7B2D98AA-6CD6-4578-BBC6-ADA1DDC71B08}.Release|iPhoneSimulator.Build.0 = Release|Any CPU
		{7B2D98AA-6CD6-4578-BBC6-ADA1DDC71B08}.Release|iPhoneSimulator.Deploy.0 = Release|Any CPU
	EndGlobalSection
	GlobalSection(SolutionProperties) = preSolution
		HideSolutionNode = FALSE
	EndGlobalSection
	GlobalSection(ExtensibilityGlobals) = postSolution
		SolutionGuid = {CEF8F54B-4A04-497C-9A59-8384C87380BE}
	EndGlobalSection
EndGlobal
